
Microsoft Visual Studio Solution File, Format Version 12.00
# Visual Studio 15
VisualStudioVersion = 15.0.27703.2042
MinimumVisualStudioVersion = 10.0.40219.1
Project("{9A19103F-16F7-4668-BE54-9A1E7A4F7556}") = "Facebook(1.1)", "Facebook(1.1).csproj", "{63901CB0-4D67-4AAC-9579-75AC8A57AAE2}"
EndProject
Global
	GlobalSection(SolutionConfigurationPlatforms) = preSolution
		Debug|Any CPU = Debug|Any CPU
		Release|Any CPU = Release|Any CPU
	EndGlobalSection
	GlobalSection(ProjectConfigurationPlatforms) = postSolution
		{63901CB0-4D67-4AAC-9579-75AC8A57AAE2}.Debug|Any CPU.ActiveCfg = Debug|Any CPU
		{63901CB0-4D67-4AAC-9579-75AC8A57AAE2}.Debug|Any CPU.Build.0 = Debug|Any CPU
		{63901CB0-4D67-4AAC-9579-75AC8A57AAE2}.Release|Any CPU.ActiveCfg = Release|Any CPU
		{63901CB0-4D67-4AAC-9579-75AC8A57AAE2}.Release|Any CPU.Build.0 = Release|Any CPU
	EndGlobalSection
	GlobalSection(SolutionProperties) = preSolution
		HideSolutionNode = FALSE
	EndGlobalSection
	GlobalSection(ExtensibilityGlobals) = postSolution
		SolutionGuid = {2FFC6D47-73E8-4245-BC82-3B43909C1577}
	EndGlobalSection
EndGlobal
